
Microsoft Visual Studio Solution File, Format Version 12.00
# Visual Studio Version 17
VisualStudioVersion = 17.10.35122.118
MinimumVisualStudioVersion = 10.0.40219.1
Project("{FAE04EC0-301F-11D3-BF4B-00C04F79EFBC}") = "EventManagement.Server", "EventManagement.Server\EventManagement.Server.csproj", "{C131C497-AE65-46CD-9FB6-156D36DD6332}"
EndProject
Project("{54A90642-561A-4BB1-A94E-469ADEE60C69}") = "eventmanagement.client", "eventmanagement.client\eventmanagement.client.esproj", "{BB861AFF-50B2-482D-987A-1CB0397A33E8}"
EndProject
Global
	GlobalSection(SolutionConfigurationPlatforms) = preSolution
		Debug|Any CPU = Debug|Any CPU
		Release|Any CPU = Release|Any CPU
	EndGlobalSection
	GlobalSection(ProjectConfigurationPlatforms) = postSolution
		{C131C497-AE65-46CD-9FB6-156D36DD6332}.Debug|Any CPU.ActiveCfg = Debug|Any CPU
		{C131C497-AE65-46CD-9FB6-156D36DD6332}.Debug|Any CPU.Build.0 = Debug|Any CPU
		{C131C497-AE65-46CD-9FB6-156D36DD6332}.Release|Any CPU.ActiveCfg = Release|Any CPU
		{C131C497-AE65-46CD-9FB6-156D36DD6332}.Release|Any CPU.Build.0 = Release|Any CPU
		{BB861AFF-50B2-482D-987A-1CB0397A33E8}.Debug|Any CPU.ActiveCfg = Debug|Any CPU
		{BB861AFF-50B2-482D-987A-1CB0397A33E8}.Debug|Any CPU.Build.0 = Debug|Any CPU
		{BB861AFF-50B2-482D-987A-1CB0397A33E8}.Debug|Any CPU.Deploy.0 = Debug|Any CPU
		{BB861AFF-50B2-482D-987A-1CB0397A33E8}.Release|Any CPU.ActiveCfg = Release|Any CPU
		{BB861AFF-50B2-482D-987A-1CB0397A33E8}.Release|Any CPU.Build.0 = Release|Any CPU
		{BB861AFF-50B2-482D-987A-1CB0397A33E8}.Release|Any CPU.Deploy.0 = Release|Any CPU
	EndGlobalSection
	GlobalSection(SolutionProperties) = preSolution
		HideSolutionNode = FALSE
	EndGlobalSection
	GlobalSection(ExtensibilityGlobals) = postSolution
		SolutionGuid = {A4B42346-F172-4167-A22A-1B006818936A}
	EndGlobalSection
EndGlobal
